// !$*UTF8*$!
{
	archiveVersion = 1;
	classes = {
	};
	objectVersion = 56;
	objects = {

/* Begin PBXBuildFile section */
		FF0E65252A39D5590092B8D8 /* SwiftUIView.swift in Sources */ = {isa = PBXBuildFile; fileRef = FF0E65242A39D5590092B8D8 /* SwiftUIView.swift */; };
		FFC1D1DE29FBBDC300055900 /* ChartView.swift in Sources */ = {isa = PBXBuildFile; fileRef = FFC1D1DD29FBBDC300055900 /* ChartView.swift */; };
		FFED3FDF29F27DF100D0419E /* StudyDiary_SwiftUIApp.swift in Sources */ = {isa = PBXBuildFile; fileRef = FFED3FDE29F27DF100D0419E /* StudyDiary_SwiftUIApp.swift */; };
		FFED3FE129F27DF100D0419E /* ContentView.swift in Sources */ = {isa = PBXBuildFile; fileRef = FFED3FE029F27DF100D0419E /* ContentView.swift */; };
		FFED3FE329F27DF300D0419E /* Assets.xcassets in Resources */ = {isa = PBXBuildFile; fileRef = FFED3FE229F27DF300D0419E /* Assets.xcassets */; };
		FFED3FE629F27DF300D0419E /* Preview Assets.xcassets in Resources */ = {isa = PBXBuildFile; fileRef = FFED3FE529F27DF300D0419E /* Preview Assets.xcassets */; };
		FFED3FEE29F27E9F00D0419E /* FSCalendar in Frameworks */ = {isa = PBXBuildFile; productRef = FFED3FED29F27E9F00D0419E /* FSCalendar */; };
		FFED3FF129F27ED000D0419E /* Realm in Frameworks */ = {isa = PBXBuildFile; productRef = FFED3FF029F27ED000D0419E /* Realm */; };
		FFED3FF329F27ED000D0419E /* RealmSwift in Frameworks */ = {isa = PBXBuildFile; productRef = FFED3FF229F27ED000D0419E /* RealmSwift */; };
		FFED3FF529F27FE000D0419E /* Event.swift in Sources */ = {isa = PBXBuildFile; fileRef = FFED3FF429F27FE000D0419E /* Event.swift */; };
		FFED3FF729F27FF600D0419E /* HogeView.swift in Sources */ = {isa = PBXBuildFile; fileRef = FFED3FF629F27FF600D0419E /* HogeView.swift */; };
		FFED3FF929F2889A00D0419E /* CalendarTestView.swift in Sources */ = {isa = PBXBuildFile; fileRef = FFED3FF829F2889A00D0419E /* CalendarTestView.swift */; };
/* End PBXBuildFile section */

/* Begin PBXFileReference section */
		FF0E65242A39D5590092B8D8 /* SwiftUIView.swift */ = {isa = PBXFileReference; lastKnownFileType = sourcecode.swift; path = SwiftUIView.swift; sourceTree = "<group>"; };
		FFC1D1DD29FBBDC300055900 /* ChartView.swift */ = {isa = PBXFileReference; lastKnownFileType = sourcecode.swift; path = ChartView.swift; sourceTree = "<group>"; };
		FFED3FDB29F27DF100D0419E /* StudyDiary_SwiftUI.app */ = {isa = PBXFileReference; explicitFileType = wrapper.application; includeInIndex = 0; path = StudyDiary_SwiftUI.app; sourceTree = BUILT_PRODUCTS_DIR; };
		FFED3FDE29F27DF100D0419E /* StudyDiary_SwiftUIApp.swift */ = {isa = PBXFileReference; lastKnownFileType = sourcecode.swift; path = StudyDiary_SwiftUIApp.swift; sourceTree = "<group>"; };
		FFED3FE029F27DF100D0419E /* ContentView.swift */ = {isa = PBXFileReference; lastKnownFileType = sourcecode.swift; path = ContentView.swift; sourceTree = "<group>"; };
		FFED3FE229F27DF300D0419E /* Assets.xcassets */ = {isa = PBXFileReference; lastKnownFileType = folder.assetcatalog; path = Assets.xcassets; sourceTree = "<group>"; };
		FFED3FE529F27DF300D0419E /* Preview Assets.xcassets */ = {isa = PBXFileReference; lastKnownFileType = folder.assetcatalog; path = "Preview Assets.xcassets"; sourceTree = "<group>"; };
		FFED3FF429F27FE000D0419E /* Event.swift */ = {isa = PBXFileReference; lastKnownFileType = sourcecode.swift; path = Event.swift; sourceTree = "<group>"; };
		FFED3FF629F27FF600D0419E /* HogeView.swift */ = {isa = PBXFileReference; lastKnownFileType = sourcecode.swift; path = HogeView.swift; sourceTree = "<group>"; };
		FFED3FF829F2889A00D0419E /* CalendarTestView.swift */ = {isa = PBXFileReference; lastKnownFileType = sourcecode.swift; path = CalendarTestView.swift; sourceTree = "<group>"; };
/* End PBXFileReference section */

/* Begin PBXFrameworksBuildPhase section */
		FFED3FD829F27DF100D0419E /* Frameworks */ = {
			isa = PBXFrameworksBuildPhase;
			buildActionMask = 2147483647;
			files = (
				FFED3FF329F27ED000D0419E /* RealmSwift in Frameworks */,
				FFED3FF129F27ED000D0419E /* Realm in Frameworks */,
				FFED3FEE29F27E9F00D0419E /* FSCalendar in Frameworks */,
			);
			runOnlyForDeploymentPostprocessing = 0;
		};
/* End PBXFrameworksBuildPhase section */

/* Begin PBXGroup section */
		FFED3FD229F27DF100D0419E = {
			isa = PBXGroup;
			children = (
				FFED3FDD29F27DF100D0419E /* StudyDiary_SwiftUI */,
				FFED3FDC29F27DF100D0419E /* Products */,
			);
			sourceTree = "<group>";
		};
		FFED3FDC29F27DF100D0419E /* Products */ = {
			isa = PBXGroup;
			children = (
				FFED3FDB29F27DF100D0419E /* StudyDiary_SwiftUI.app */,
			);
			name = Products;
			sourceTree = "<group>";
		};
		FFED3FDD29F27DF100D0419E /* StudyDiary_SwiftUI */ = {
			isa = PBXGroup;
			children = (
				FFED3FDE29F27DF100D0419E /* StudyDiary_SwiftUIApp.swift */,
				FFED3FF429F27FE000D0419E /* Event.swift */,
				FFED3FE029F27DF100D0419E /* ContentView.swift */,
				FFC1D1DD29FBBDC300055900 /* ChartView.swift */,
				FFED3FF829F2889A00D0419E /* CalendarTestView.swift */,
				FFED3FF629F27FF600D0419E /* HogeView.swift */,
				FF0E65242A39D5590092B8D8 /* SwiftUIView.swift */,
				FFED3FE229F27DF300D0419E /* Assets.xcassets */,
				FFED3FE429F27DF300D0419E /* Preview Content */,
			);
			path = StudyDiary_SwiftUI;
			sourceTree = "<group>";
		};
		FFED3FE429F27DF300D0419E /* Preview Content */ = {
			isa = PBXGroup;
			children = (
				FFED3FE529F27DF300D0419E /* Preview Assets.xcassets */,
			);
			path = "Preview Content";
			sourceTree = "<group>";
		};
/* End PBXGroup section */

/* Begin PBXNativeTarget section */
		FFED3FDA29F27DF100D0419E /* StudyDiary_SwiftUI */ = {
			isa = PBXNativeTarget;
			buildConfigurationList = FFED3FE929F27DF300D0419E /* Build configuration list for PBXNativeTarget "StudyDiary_SwiftUI" */;
			buildPhases = (
				FFED3FD729F27DF100D0419E /* Sources */,
				FFED3FD829F27DF100D0419E /* Frameworks */,
				FFED3FD929F27DF100D0419E /* Resources */,
			);
			buildRules = (
			);
			dependencies = (
			);
			name = StudyDiary_SwiftUI;
			packageProductDependencies = (
				FFED3FED29F27E9F00D0419E /* FSCalendar */,
				FFED3FF029F27ED000D0419E /* Realm */,
				FFED3FF229F27ED000D0419E /* RealmSwift */,
			);
			productName = StudyDiary_SwiftUI;
			productReference = FFED3FDB29F27DF100D0419E /* StudyDiary_SwiftUI.app */;
			productType = "com.apple.product-type.application";
		};
/* End PBXNativeTarget section */

/* Begin PBXProject section */
		FFED3FD329F27DF100D0419E /* Project object */ = {
			isa = PBXProject;
			attributes = {
				BuildIndependentTargetsInParallel = 1;
				LastSwiftUpdateCheck = 1430;
				LastUpgradeCheck = 1430;
				TargetAttributes = {
					FFED3FDA29F27DF100D0419E = {
						CreatedOnToolsVersion = 14.3;
					};
				};
			};
			buildConfigurationList = FFED3FD629F27DF100D0419E /* Build configuration list for PBXProject "StudyDiary_SwiftUI" */;
			compatibilityVersion = "Xcode 14.0";
			developmentRegion = en;
			hasScannedForEncodings = 0;
			knownRegions = (
				en,
				Base,
			);
			mainGroup = FFED3FD229F27DF100D0419E;
			packageReferences = (
				FFED3FEC29F27E9E00D0419E /* XCRemoteSwiftPackageReference "FSCalendar" */,
				FFED3FEF29F27ED000D0419E /* XCRemoteSwiftPackageReference "realm-swift" */,
			);
			productRefGroup = FFED3FDC29F27DF100D0419E /* Products */;
			projectDirPath = "";
			projectRoot = "";
			targets = (
				FFED3FDA29F27DF100D0419E /* StudyDiary_SwiftUI */,
			);
		};
/* End PBXProject section */

/* Begin PBXResourcesBuildPhase section */
		FFED3FD929F27DF100D0419E /* Resources */ = {
			isa = PBXResourcesBuildPhase;
			buildActionMask = 2147483647;
			files = (
				FFED3FE629F27DF300D0419E /* Preview Assets.xcassets in Resources */,
				FFED3FE329F27DF300D0419E /* Assets.xcassets in Resources */,
			);
			runOnlyForDeploymentPostprocessing = 0;
		};
/* End PBXResourcesBuildPhase section */

/* Begin PBXSourcesBuildPhase section */
		FFED3FD729F27DF100D0419E /* Sources */ = {
			isa = PBXSourcesBuildPhase;
			buildActionMask = 2147483647;
			files = (
				FFED3FE129F27DF100D0419E /* ContentView.swift in Sources */,
				FF0E65252A39D5590092B8D8 /* SwiftUIView.swift in Sources */,
				FFED3FF929F2889A00D0419E /* CalendarTestView.swift in Sources */,
				FFED3FF529F27FE000D0419E /* Event.swift in Sources */,
				FFED3FDF29F27DF100D0419E /* StudyDiary_SwiftUIApp.swift in Sources */,
				FFED3FF729F27FF600D0419E /* HogeView.swift in Sources */,
				FFC1D1DE29FBBDC300055900 /* ChartView.swift in Sources */,
			);
			runOnlyForDeploymentPostprocessing = 0;
		};
/* End PBXSourcesBuildPhase section */

/* Begin XCBuildConfiguration section */
		FFED3FE729F27DF300D0419E /* Debug */ = {
			isa = XCBuildConfiguration;
			buildSettings = {
				ALWAYS_SEARCH_USER_PATHS = NO;
				CLANG_ANALYZER_NONNULL = YES;
				CLANG_ANALYZER_NUMBER_OBJECT_CONVERSION = YES_AGGRESSIVE;
				CLANG_CXX_LANGUAGE_STANDARD = "gnu++20";
				CLANG_ENABLE_MODULES = YES;
				CLANG_ENABLE_OBJC_ARC = YES;
				CLANG_ENABLE_OBJC_WEAK = YES;
				CLANG_WARN_BLOCK_CAPTURE_AUTORELEASING = YES;
				CLANG_WARN_BOOL_CONVERSION = YES;
				CLANG_WARN_COMMA = YES;
				CLANG_WARN_CONSTANT_CONVERSION = YES;
				CLANG_WARN_DEPRECATED_OBJC_IMPLEMENTATIONS = YES;
				CLANG_WARN_DIRECT_OBJC_ISA_USAGE = YES_ERROR;
				CLANG_WARN_DOCUMENTATION_COMMENTS = YES;
				CLANG_WARN_EMPTY_BODY = YES;
				CLANG_WARN_ENUM_CONVERSION = YES;
				CLANG_WARN_INFINITE_RECURSION = YES;
				CLANG_WARN_INT_CONVERSION = YES;
				CLANG_WARN_NON_LITERAL_NULL_CONVERSION = YES;
				CLANG_WARN_OBJC_IMPLICIT_RETAIN_SELF = YES;
				CLANG_WARN_OBJC_LITERAL_CONVERSION = YES;
				CLANG_WARN_OBJC_ROOT_CLASS = YES_ERROR;
				CLANG_WARN_QUOTED_INCLUDE_IN_FRAMEWORK_HEADER = YES;
				CLANG_WARN_RANGE_LOOP_ANALYSIS = YES;
				CLANG_WARN_STRICT_PROTOTYPES = YES;
				CLANG_WARN_SUSPICIOUS_MOVE = YES;
				CLANG_WARN_UNGUARDED_AVAILABILITY = YES_AGGRESSIVE;
				CLANG_WARN_UNREACHABLE_CODE = YES;
				CLANG_WARN__DUPLICATE_METHOD_MATCH = YES;
				COPY_PHASE_STRIP = NO;
				DEBUG_INFORMATION_FORMAT = dwarf;
				ENABLE_STRICT_OBJC_MSGSEND = YES;
				ENABLE_TESTABILITY = YES;
				GCC_C_LANGUAGE_STANDARD = gnu11;
				GCC_DYNAMIC_NO_PIC = NO;
				GCC_NO_COMMON_BLOCKS = YES;
				GCC_OPTIMIZATION_LEVEL = 0;
				GCC_PREPROCESSOR_DEFINITIONS = (
					"DEBUG=1",
					"$(inherited)",
				);
				GCC_WARN_64_TO_32_BIT_CONVERSION = YES;
				GCC_WARN_ABOUT_RETURN_TYPE = YES_ERROR;
				GCC_WARN_UNDECLARED_SELECTOR = YES;
				GCC_WARN_UNINITIALIZED_AUTOS = YES_AGGRESSIVE;
				GCC_WARN_UNUSED_FUNCTION = YES;
				GCC_WARN_UNUSED_VARIABLE = YES;
				IPHONEOS_DEPLOYMENT_TARGET = 16.4;
				MTL_ENABLE_DEBUG_INFO = INCLUDE_SOURCE;
				MTL_FAST_MATH = YES;
				ONLY_ACTIVE_ARCH = YES;
				SDKROOT = iphoneos;
				SWIFT_ACTIVE_COMPILATION_CONDITIONS = DEBUG;
				SWIFT_OPTIMIZATION_LEVEL = "-Onone";
			};
			name = Debug;
		};
		FFED3FE829F27DF300D0419E /* Release */ = {
			isa = XCBuildConfiguration;
			buildSettings = {
				ALWAYS_SEARCH_USER_PATHS = NO;
				CLANG_ANALYZER_NONNULL = YES;
				CLANG_ANALYZER_NUMBER_OBJECT_CONVERSION = YES_AGGRESSIVE;
				CLANG_CXX_LANGUAGE_STANDARD = "gnu++20";
				CLANG_ENABLE_MODULES = YES;
				CLANG_ENABLE_OBJC_ARC = YES;
				CLANG_ENABLE_OBJC_WEAK = YES;
				CLANG_WARN_BLOCK_CAPTURE_AUTORELEASING = YES;
				CLANG_WARN_BOOL_CONVERSION = YES;
				CLANG_WARN_COMMA = YES;
				CLANG_WARN_CONSTANT_CONVERSION = YES;
				CLANG_WARN_DEPRECATED_OBJC_IMPLEMENTATIONS = YES;
				CLANG_WARN_DIRECT_OBJC_ISA_USAGE = YES_ERROR;
				CLANG_WARN_DOCUMENTATION_COMMENTS = YES;
				CLANG_WARN_EMPTY_BODY = YES;
				CLANG_WARN_ENUM_CONVERSION = YES;
				CLANG_WARN_INFINITE_RECURSION = YES;
				CLANG_WARN_INT_CONVERSION = YES;
				CLANG_WARN_NON_LITERAL_NULL_CONVERSION = YES;
				CLANG_WARN_OBJC_IMPLICIT_RETAIN_SELF = YES;
				CLANG_WARN_OBJC_LITERAL_CONVERSION = YES;
				CLANG_WARN_OBJC_ROOT_CLASS = YES_ERROR;
				CLANG_WARN_QUOTED_INCLUDE_IN_FRAMEWORK_HEADER = YES;
				CLANG_WARN_RANGE_LOOP_ANALYSIS = YES;
				CLANG_WARN_STRICT_PROTOTYPES = YES;
				CLANG_WARN_SUSPICIOUS_MOVE = YES;
				CLANG_WARN_UNGUARDED_AVAILABILITY = YES_AGGRESSIVE;
				CLANG_WARN_UNREACHABLE_CODE = YES;
				CLANG_WARN__DUPLICATE_METHOD_MATCH = YES;
				COPY_PHASE_STRIP = NO;
				DEBUG_INFORMATION_FORMAT = "dwarf-with-dsym";
				ENABLE_NS_ASSERTIONS = NO;
				ENABLE_STRICT_OBJC_MSGSEND = YES;
				GCC_C_LANGUAGE_STANDARD = gnu11;
				GCC_NO_COMMON_BLOCKS = YES;
				GCC_WARN_64_TO_32_BIT_CONVERSION = YES;
				GCC_WARN_ABOUT_RETURN_TYPE = YES_ERROR;
				GCC_WARN_UNDECLARED_SELECTOR = YES;
				GCC_WARN_UNINITIALIZED_AUTOS = YES_AGGRESSIVE;
				GCC_WARN_UNUSED_FUNCTION = YES;
				GCC_WARN_UNUSED_VARIABLE = YES;
				IPHONEOS_DEPLOYMENT_TARGET = 16.4;
				MTL_ENABLE_DEBUG_INFO = NO;
				MTL_FAST_MATH = YES;
				SDKROOT = iphoneos;
				SWIFT_COMPILATION_MODE = wholemodule;
				SWIFT_OPTIMIZATION_LEVEL = "-O";
				VALIDATE_PRODUCT = YES;
			};
			name = Release;
		};
		FFED3FEA29F27DF300D0419E /* Debug */ = {
			isa = XCBuildConfiguration;
			buildSettings = {
				ASSETCATALOG_COMPILER_APPICON_NAME = AppIcon;
				ASSETCATALOG_COMPILER_GLOBAL_ACCENT_COLOR_NAME = AccentColor;
				CODE_SIGN_STYLE = Automatic;
				CURRENT_PROJECT_VERSION = 1;
				DEVELOPMENT_ASSET_PATHS = "\"StudyDiary_SwiftUI/Preview Content\"";
				ENABLE_PREVIEWS = YES;
				GENERATE_INFOPLIST_FILE = YES;
				INFOPLIST_KEY_UIApplicationSceneManifest_Generation = YES;
				INFOPLIST_KEY_UIApplicationSupportsIndirectInputEvents = YES;
				INFOPLIST_KEY_UILaunchScreen_Generation = YES;
				INFOPLIST_KEY_UISupportedInterfaceOrientations_iPad = "UIInterfaceOrientationPortrait UIInterfaceOrientationPortraitUpsideDown UIInterfaceOrientationLandscapeLeft UIInterfaceOrientationLandscapeRight";
				INFOPLIST_KEY_UISupportedInterfaceOrientations_iPhone = "UIInterfaceOrientationPortrait UIInterfaceOrientationLandscapeLeft UIInterfaceOrientationLandscapeRight";
				LD_RUNPATH_SEARCH_PATHS = (
					"$(inherited)",
					"@executable_path/Frameworks",
				);
				MARKETING_VERSION = 1.0;
				PRODUCT_BUNDLE_IDENTIFIER = "com.StudyDiary-SwiftUI";
				PRODUCT_NAME = "$(TARGET_NAME)";
				SWIFT_EMIT_LOC_STRINGS = YES;
				SWIFT_VERSION = 5.0;
				TARGETED_DEVICE_FAMILY = "1,2";
			};
			name = Debug;
		};
		FFED3FEB29F27DF300D0419E /* Release */ = {
			isa = XCBuildConfiguration;
			buildSettings = {
				ASSETCATALOG_COMPILER_APPICON_NAME = AppIcon;
				ASSETCATALOG_COMPILER_GLOBAL_ACCENT_COLOR_NAME = AccentColor;
				CODE_SIGN_STYLE = Automatic;
				CURRENT_PROJECT_VERSION = 1;
				DEVELOPMENT_ASSET_PATHS = "\"StudyDiary_SwiftUI/Preview Content\"";
				ENABLE_PREVIEWS = YES;
				GENERATE_INFOPLIST_FILE = YES;
				INFOPLIST_KEY_UIApplicationSceneManifest_Generation = YES;
				INFOPLIST_KEY_UIApplicationSupportsIndirectInputEvents = YES;
				INFOPLIST_KEY_UILaunchScreen_Generation = YES;
				INFOPLIST_KEY_UISupportedInterfaceOrientations_iPad = "UIInterfaceOrientationPortrait UIInterfaceOrientationPortraitUpsideDown UIInterfaceOrientationLandscapeLeft UIInterfaceOrientationLandscapeRight";
				INFOPLIST_KEY_UISupportedInterfaceOrientations_iPhone = "UIInterfaceOrientationPortrait UIInterfaceOrientationLandscapeLeft UIInterfaceOrientationLandscapeRight";
				LD_RUNPATH_SEARCH_PATHS = (
					"$(inherited)",
					"@executable_path/Frameworks",
				);
				MARKETING_VERSION = 1.0;
				PRODUCT_BUNDLE_IDENTIFIER = "com.StudyDiary-SwiftUI";
				PRODUCT_NAME = "$(TARGET_NAME)";
				SWIFT_EMIT_LOC_STRINGS = YES;
				SWIFT_VERSION = 5.0;
				TARGETED_DEVICE_FAMILY = "1,2";
			};
			name = Release;
		};
/* End XCBuildConfiguration section */

/* Begin XCConfigurationList section */
		FFED3FD629F27DF100D0419E /* Build configuration list for PBXProject "StudyDiary_SwiftUI" */ = {
			isa = XCConfigurationList;
			buildConfigurations = (
				FFED3FE729F27DF300D0419E /* Debug */,
				FFED3FE829F27DF300D0419E /* Release */,
			);
			defaultConfigurationIsVisible = 0;
			defaultConfigurationName = Release;
		};
		FFED3FE929F27DF300D0419E /* Build configuration list for PBXNativeTarget "StudyDiary_SwiftUI" */ = {
			isa = XCConfigurationList;
			buildConfigurations = (
				FFED3FEA29F27DF300D0419E /* Debug */,
				FFED3FEB29F27DF300D0419E /* Release */,
			);
			defaultConfigurationIsVisible = 0;
			defaultConfigurationName = Release;
		};
/* End XCConfigurationList section */

/* Begin XCRemoteSwiftPackageReference section */
		FFED3FEC29F27E9E00D0419E /* XCRemoteSwiftPackageReference "FSCalendar" */ = {
			isa = XCRemoteSwiftPackageReference;
			repositoryURL = "https://github.com/WenchaoD/FSCalendar";
			requirement = {
				kind = upToNextMajorVersion;
				minimumVersion = 2.0.0;
			};
		};
		FFED3FEF29F27ED000D0419E /* XCRemoteSwiftPackageReference "realm-swift" */ = {
			isa = XCRemoteSwiftPackageReference;
			repositoryURL = "https://github.com/realm/realm-swift";
			requirement = {
				branch = master;
				kind = branch;
			};
		};
/* End XCRemoteSwiftPackageReference section */

/* Begin XCSwiftPackageProductDependency section */
		FFED3FED29F27E9F00D0419E /* FSCalendar */ = {
			isa = XCSwiftPackageProductDependency;
			package = FFED3FEC29F27E9E00D0419E /* XCRemoteSwiftPackageReference "FSCalendar" */;
			productName = FSCalendar;
		};
		FFED3FF029F27ED000D0419E /* Realm */ = {
			isa = XCSwiftPackageProductDependency;
			package = FFED3FEF29F27ED000D0419E /* XCRemoteSwiftPackageReference "realm-swift" */;
			productName = Realm;
		};
		FFED3FF229F27ED000D0419E /* RealmSwift */ = {
			isa = XCSwiftPackageProductDependency;
			package = FFED3FEF29F27ED000D0419E /* XCRemoteSwiftPackageReference "realm-swift" */;
			productName = RealmSwift;
		};
/* End XCSwiftPackageProductDependency section */
	};
	rootObject = FFED3FD329F27DF100D0419E /* Project object */;
}
